<?xml version="1.0" encoding="utf-8"?>
<Project ToolsVersion="4.0" xmlns="http://schemas.microsoft.com/developer/msbuild/2003">
  <ItemGroup>
    <Filter Include="Source Files">
      <UniqueIdentifier>{4FC737F1-C7A5-4376-A066-2A32D752A2FF}</UniqueIdentifier>
      <Extensions>cpp;c;cc;cxx;c++;cppm;ixx;def;odl;idl;hpj;bat;asm;asmx</Extensions>
    </Filter>
    <Filter Include="Header Files">
      <UniqueIdentifier>{93995380-89BD-4b04-88EB-625FBE52EBFB}</UniqueIdentifier>
      <Extensions>h;hh;hpp;hxx;h++;hm;inl;inc;ipp;xsd</Extensions>
    </Filter>
    <Filter Include="Resource Files">
      <UniqueIdentifier>{67DA6AB6-F800-4c08-8B7A-83BB121AAD01}</UniqueIdentifier>
      <Extensions>rc;ico;cur;bmp;dlg;rc2;rct;bin;rgs;gif;jpg;jpeg;jpe;resx;tiff;tif;png;wav;mfcribbon-ms</Extensions>
    </Filter>
  </ItemGroup>
  <ItemGroup>
    <Media Include="resource files\BgSound.wav">
      <Filter>Resource Files</Filter>
    </Media>
  </ItemGroup>
  <ItemGroup>
    <ClInclude Include="header files\Bullet.h">
      <Filter>Header Files</Filter>
    </ClInclude>
    <ClInclude Include="header files\consoleHandle.h">
      <Filter>Header Files</Filter>
    </ClInclude>
    <ClInclude Include="header files\ConsoleSetting.h">
      <Filter>Header Files</Filter>
    </ClInclude>
    <ClInclude Include="header files\cpoint.h">
      <Filter>Header Files</Filter>
    </ClInclude>
    <ClInclude Include="header files\ctool.h">
      <Filter>Header Files</Filter>
    </ClInclude>
    <ClInclude Include="header files\ctower.h">
      <Filter>Header Files</Filter>
    </ClInclude>
    <ClInclude Include="header files\Enemy.h">
      <Filter>Header Files</Filter>
    </ClInclude>
    <ClInclude Include="header files\Map.h">
      <Filter>Header Files</Filter>
    </ClInclude>
    <ClInclude Include="header files\Menu.h">
      <Filter>Header Files</Filter>
    </ClInclude>
    <ClInclude Include="header files\Music.h">
      <Filter>Header Files</Filter>
    </ClInclude>
    <ClInclude Include="header files\ReadMap.h">
      <Filter>Header Files</Filter>
    </ClInclude>
    <ClInclude Include="header files\Setting.h">
      <Filter>Header Files</Filter>
    </ClInclude>
    <ClInclude Include="header files\Tower.h">
      <Filter>Header Files</Filter>
    </ClInclude>
    <ClInclude Include="header files\UI.h">
      <Filter>Header Files</Filter>
    </ClInclude>
    <ClInclude Include="header files\Account.h">
      <Filter>Header Files</Filter>
    </ClInclude>
  </ItemGroup>
  <ItemGroup>
    <Text Include="resource files\BackgroundMusic.txt" />
    <Text Include="resource files\BackToMenu.txt" />
    <Text Include="resource files\EasyTitle.txt" />
    <Text Include="resource files\Exit.txt" />
    <Text Include="resource files\GameModeTitle.txt" />
    <Text Include="resource files\Graphics.txt" />
    <Text Include="resource files\HardTitle.txt" />
    <Text Include="resource files\map1.txt" />
    <Text Include="resource files\map2.txt" />
    <Text Include="resource files\map3.txt" />
    <Text Include="resource files\map4.txt" />
    <Text Include="resource files\Menu.txt" />
    <Text Include="resource files\Music.txt" />
    <Text Include="resource files\MusicTitle.txt" />
    <Text Include="resource files\NormalTitle.txt" />
    <Text Include="resource files\OffOption.txt" />
    <Text Include="resource files\OnOption.txt" />
    <Text Include="resource files\output.txt" />
    <Text Include="resource files\PlayNewTitle.txt" />
    <Text Include="resource files\PlayOpt.txt" />
    <Text Include="resource files\PlayRecentTitle.txt" />
    <Text Include="resource files\PlayTitle.txt" />
    <Text Include="resource files\RankingTitle.txt" />
    <Text Include="resource files\RankOpt.txt" />
    <Text Include="resource files\Setting.txt" />
    <Text Include="resource files\SettingOpt.txt" />
    <Text Include="resource files\UserFile.txt" />
  </ItemGroup>
  <ItemGroup>
    <ClCompile Include="source files\Bullet.cpp">
      <Filter>Source Files</Filter>
    </ClCompile>
    <ClCompile Include="source files\consoleHandle.cpp">
      <Filter>Source Files</Filter>
    </ClCompile>
    <ClCompile Include="source files\ConsoleSetting.cpp">
      <Filter>Source Files</Filter>
    </ClCompile>
    <ClCompile Include="source files\cpoint.cpp">
      <Filter>Source Files</Filter>
    </ClCompile>
    <ClCompile Include="source files\ctool.cpp">
      <Filter>Source Files</Filter>
    </ClCompile>
    <ClCompile Include="source files\Enemy.cpp">
      <Filter>Source Files</Filter>
    </ClCompile>
    <ClCompile Include="source files\Main.cpp">
      <Filter>Source Files</Filter>
    </ClCompile>
    <ClCompile Include="source files\Map.cpp">
      <Filter>Source Files</Filter>
    </ClCompile>
    <ClCompile Include="source files\Menu.cpp">
      <Filter>Source Files</Filter>
    </ClCompile>
    <ClCompile Include="source files\MouseControl.cpp">
      <Filter>Source Files</Filter>
    </ClCompile>
    <ClCompile Include="source files\Music.cpp">
      <Filter>Source Files</Filter>
    </ClCompile>
    <ClCompile Include="source files\ReadMap.cpp">
      <Filter>Source Files</Filter>
    </ClCompile>
    <ClCompile Include="source files\Setting.cpp">
      <Filter>Source Files</Filter>
    </ClCompile>
    <ClCompile Include="source files\Tower.cpp">
      <Filter>Source Files</Filter>
    </ClCompile>
    <ClCompile Include="source files\UI.cpp">
      <Filter>Source Files</Filter>
    </ClCompile>
  </ItemGroup>
  <ItemGroup>
    <None Include="README.md" />
  </ItemGroup>
</Project>